
Microsoft Visual Studio Solution File, Format Version 12.00
# Visual Studio 2012
Project("{FAE04EC0-301F-11D3-BF4B-00C04F79EFBC}") = "MVCF1", "MVCF1\MVCF1.csproj", "{CAE98B85-1151-40EF-94CE-B0E6D5D43294}"
EndProject
Global
	GlobalSection(SolutionConfigurationPlatforms) = preSolution
		Debug|Any CPU = Debug|Any CPU
		Release|Any CPU = Release|Any CPU
	EndGlobalSection
	GlobalSection(ProjectConfigurationPlatforms) = postSolution
		{CAE98B85-1151-40EF-94CE-B0E6D5D43294}.Debug|Any CPU.ActiveCfg = Debug|Any CPU
		{CAE98B85-1151-40EF-94CE-B0E6D5D43294}.Debug|Any CPU.Build.0 = Debug|Any CPU
		{CAE98B85-1151-40EF-94CE-B0E6D5D43294}.Release|Any CPU.ActiveCfg = Release|Any CPU
		{CAE98B85-1151-40EF-94CE-B0E6D5D43294}.Release|Any CPU.Build.0 = Release|Any CPU
	EndGlobalSection
	GlobalSection(SolutionProperties) = preSolution
		HideSolutionNode = FALSE
	EndGlobalSection
EndGlobal
